
Microsoft Visual Studio Solution File, Format Version 12.00
# Visual Studio Version 17
VisualStudioVersion = 17.14.36518.9
MinimumVisualStudioVersion = 10.0.40219.1
Project("{FAE04EC0-301F-11D3-BF4B-00C04F79EFBC}") = "ChessProject", "ChessProject.csproj", "{51C0E2F6-0BEE-4BA8-8112-83A7325B9546}"
EndProject
Global
	GlobalSection(SolutionConfigurationPlatforms) = preSolution
		Debug|Any CPU = Debug|Any CPU
		Release|Any CPU = Release|Any CPU
	EndGlobalSection
	GlobalSection(ProjectConfigurationPlatforms) = postSolution
		{51C0E2F6-0BEE-4BA8-8112-83A7325B9546}.Debug|Any CPU.ActiveCfg = Debug|Any CPU
		{51C0E2F6-0BEE-4BA8-8112-83A7325B9546}.Debug|Any CPU.Build.0 = Debug|Any CPU
		{51C0E2F6-0BEE-4BA8-8112-83A7325B9546}.Release|Any CPU.ActiveCfg = Release|Any CPU
		{51C0E2F6-0BEE-4BA8-8112-83A7325B9546}.Release|Any CPU.Build.0 = Release|Any CPU
	EndGlobalSection
	GlobalSection(SolutionProperties) = preSolution
		HideSolutionNode = FALSE
	EndGlobalSection
	GlobalSection(ExtensibilityGlobals) = postSolution
		SolutionGuid = {87EC0FF3-CECF-45B9-A92B-4BE0761ECC47}
	EndGlobalSection
EndGlobal
